Microsoft Visual Studio Solution File, Format Version 12.00
# Visual Studio Version 17
VisualStudioVersion = 17.5.2.0
MinimumVisualStudioVersion = 10.0.40219.1
Project("{FAE04EC0-301F-11D3-BF4B-00C04F79EFBC}") = "bunkbed-bom-routing", "bunkbed-bom-routing.csproj", "{59A21AC6-271A-E492-9F17-6903A46F03B4}"
EndProject
Global
	GlobalSection(SolutionConfigurationPlatforms) = preSolution
		Debug|Any CPU = Debug|Any CPU
		Release|Any CPU = Release|Any CPU
	EndGlobalSection
	GlobalSection(ProjectConfigurationPlatforms) = postSolution
		{59A21AC6-271A-E492-9F17-6903A46F03B4}.Debug|Any CPU.ActiveCfg = Debug|Any CPU
		{59A21AC6-271A-E492-9F17-6903A46F03B4}.Debug|Any CPU.Build.0 = Debug|Any CPU
		{59A21AC6-271A-E492-9F17-6903A46F03B4}.Release|Any CPU.ActiveCfg = Release|Any CPU
		{59A21AC6-271A-E492-9F17-6903A46F03B4}.Release|Any CPU.Build.0 = Release|Any CPU
	EndGlobalSection
	GlobalSection(SolutionProperties) = preSolution
		HideSolutionNode = FALSE
	EndGlobalSection
	GlobalSection(ExtensibilityGlobals) = postSolution
		SolutionGuid = {E93EA0F4-C5F4-4BB9-9D28-EB9264FFED1B}
	EndGlobalSection
EndGlobal
